// !$*UTF8*$!
{
	archiveVersion = 1;
	classes = {
	};
	objectVersion = 50;
	objects = {

/* Begin PBXBuildFile section */
		BA09DB3D21D5A6390079F245 /* CategoryCell.swift in Sources */ = {isa = PBXBuildFile; fileRef = BA09DB3C21D5A6390079F245 /* CategoryCell.swift */; };
		BA09DB3F21D5ACEF0079F245 /* Category.swift in Sources */ = {isa = PBXBuildFile; fileRef = BA09DB3E21D5ACEF0079F245 /* Category.swift */; };
		BA09DB4221D5AE6B0079F245 /* DataService.swift in Sources */ = {isa = PBXBuildFile; fileRef = BA09DB4121D5AE6B0079F245 /* DataService.swift */; };
		BA09DB4421D5C8610079F245 /* ProductCell.swift in Sources */ = {isa = PBXBuildFile; fileRef = BA09DB4321D5C8610079F245 /* ProductCell.swift */; };
		BA09DB4621D5D30B0079F245 /* Product.swift in Sources */ = {isa = PBXBuildFile; fileRef = BA09DB4521D5D30B0079F245 /* Product.swift */; };
		BA09DB4821D5D7A70079F245 /* ProductsVC.swift in Sources */ = {isa = PBXBuildFile; fileRef = BA09DB4721D5D7A70079F245 /* ProductsVC.swift */; };
		BA11003A21D59EDE0039BFE2 /* AppDelegate.swift in Sources */ = {isa = PBXBuildFile; fileRef = BA11003921D59EDE0039BFE2 /* AppDelegate.swift */; };
		BA11003C21D59EDE0039BFE2 /* CategoriesVC.swift in Sources */ = {isa = PBXBuildFile; fileRef = BA11003B21D59EDE0039BFE2 /* CategoriesVC.swift */; };
		BA11003F21D59EDE0039BFE2 /* Main.storyboard in Resources */ = {isa = PBXBuildFile; fileRef = BA11003D21D59EDE0039BFE2 /* Main.storyboard */; };
		BA11004121D59EE10039BFE2 /* Assets.xcassets in Resources */ = {isa = PBXBuildFile; fileRef = BA11004021D59EE10039BFE2 /* Assets.xcassets */; };
		BA11004421D59EE10039BFE2 /* LaunchScreen.storyboard in Resources */ = {isa = PBXBuildFile; fileRef = BA11004221D59EE10039BFE2 /* LaunchScreen.storyboard */; };
/* End PBXBuildFile section */

/* Begin PBXFileReference section */
		BA09DB3C21D5A6390079F245 /* CategoryCell.swift */ = {isa = PBXFileReference; lastKnownFileType = sourcecode.swift; path = CategoryCell.swift; sourceTree = "<group>"; };
		BA09DB3E21D5ACEF0079F245 /* Category.swift */ = {isa = PBXFileReference; lastKnownFileType = sourcecode.swift; path = Category.swift; sourceTree = "<group>"; };
		BA09DB4121D5AE6B0079F245 /* DataService.swift */ = {isa = PBXFileReference; lastKnownFileType = sourcecode.swift; path = DataService.swift; sourceTree = "<group>"; };
		BA09DB4321D5C8610079F245 /* ProductCell.swift */ = {isa = PBXFileReference; lastKnownFileType = sourcecode.swift; path = ProductCell.swift; sourceTree = "<group>"; };
		BA09DB4521D5D30B0079F245 /* Product.swift */ = {isa = PBXFileReference; lastKnownFileType = sourcecode.swift; path = Product.swift; sourceTree = "<group>"; };
		BA09DB4721D5D7A70079F245 /* ProductsVC.swift */ = {isa = PBXFileReference; lastKnownFileType = sourcecode.swift; path = ProductsVC.swift; sourceTree = "<group>"; };
		BA11003621D59EDE0039BFE2 /* coder-swag2.app */ = {isa = PBXFileReference; explicitFileType = wrapper.application; includeInIndex = 0; path = "coder-swag2.app"; sourceTree = BUILT_PRODUCTS_DIR; };
		BA11003921D59EDE0039BFE2 /* AppDelegate.swift */ = {isa = PBXFileReference; lastKnownFileType = sourcecode.swift; path = AppDelegate.swift; sourceTree = "<group>"; };
		BA11003B21D59EDE0039BFE2 /* CategoriesVC.swift */ = {isa = PBXFileReference; lastKnownFileType = sourcecode.swift; path = CategoriesVC.swift; sourceTree = "<group>"; };
		BA11003E21D59EDE0039BFE2 /* Base */ = {isa = PBXFileReference; lastKnownFileType = file.storyboard; name = Base; path = Base.lproj/Main.storyboard; sourceTree = "<group>"; };
		BA11004021D59EE10039BFE2 /* Assets.xcassets */ = {isa = PBXFileReference; lastKnownFileType = folder.assetcatalog; path = Assets.xcassets; sourceTree = "<group>"; };
		BA11004321D59EE10039BFE2 /* Base */ = {isa = PBXFileReference; lastKnownFileType = file.storyboard; name = Base; path = Base.lproj/LaunchScreen.storyboard; sourceTree = "<group>"; };
		BA11004521D59EE10039BFE2 /* Info.plist */ = {isa = PBXFileReference; lastKnownFileType = text.plist.xml; path = Info.plist; sourceTree = "<group>"; };
/* End PBXFileReference section */

/* Begin PBXFrameworksBuildPhase section */
		BA11003321D59EDE0039BFE2 /* Frameworks */ = {
			isa = PBXFrameworksBuildPhase;
			buildActionMask = 2147483647;
			files = (
			);
			runOnlyForDeploymentPostprocessing = 0;
		};
/* End PBXFrameworksBuildPhase section */

/* Begin PBXGroup section */
		BA09DB3921D5A56E0079F245 /* Model */ = {
			isa = PBXGroup;
			children = (
				BA09DB3E21D5ACEF0079F245 /* Category.swift */,
				BA09DB4521D5D30B0079F245 /* Product.swift */,
			);
			path = Model;
			sourceTree = "<group>";
		};
		BA09DB3A21D5A5750079F245 /* Controller */ = {
			isa = PBXGroup;
			children = (
				BA11003B21D59EDE0039BFE2 /* CategoriesVC.swift */,
				BA09DB4721D5D7A70079F245 /* ProductsVC.swift */,
			);
			path = Controller;
			sourceTree = "<group>";
		};
		BA09DB3B21D5A57D0079F245 /* View */ = {
			isa = PBXGroup;
			children = (
				BA09DB3C21D5A6390079F245 /* CategoryCell.swift */,
				BA09DB4321D5C8610079F245 /* ProductCell.swift */,
			);
			path = View;
			sourceTree = "<group>";
		};
		BA09DB4021D5AE4F0079F245 /* Services */ = {
			isa = PBXGroup;
			children = (
				BA09DB4121D5AE6B0079F245 /* DataService.swift */,
			);
			path = Services;
			sourceTree = "<group>";
		};
		BA11002D21D59EDE0039BFE2 = {
			isa = PBXGroup;
			children = (
				BA11003821D59EDE0039BFE2 /* coder-swag2 */,
				BA11003721D59EDE0039BFE2 /* Products */,
			);
			sourceTree = "<group>";
		};
		BA11003721D59EDE0039BFE2 /* Products */ = {
			isa = PBXGroup;
			children = (
				BA11003621D59EDE0039BFE2 /* coder-swag2.app */,
			);
			name = Products;
			sourceTree = "<group>";
		};
		BA11003821D59EDE0039BFE2 /* coder-swag2 */ = {
			isa = PBXGroup;
			children = (
				BA09DB4021D5AE4F0079F245 /* Services */,
				BA09DB3B21D5A57D0079F245 /* View */,
				BA09DB3A21D5A5750079F245 /* Controller */,
				BA09DB3921D5A56E0079F245 /* Model */,
				BA11003921D59EDE0039BFE2 /* AppDelegate.swift */,
				BA11003D21D59EDE0039BFE2 /* Main.storyboard */,
				BA11004021D59EE10039BFE2 /* Assets.xcassets */,
				BA11004221D59EE10039BFE2 /* LaunchScreen.storyboard */,
				BA11004521D59EE10039BFE2 /* Info.plist */,
			);
			path = "coder-swag2";
			sourceTree = "<group>";
		};
/* End PBXGroup section */

/* Begin PBXNativeTarget section */
		BA11003521D59EDE0039BFE2 /* coder-swag2 */ = {
			isa = PBXNativeTarget;
			buildConfigurationList = BA11004821D59EE10039BFE2 /* Build configuration list for PBXNativeTarget "coder-swag2" */;
			buildPhases = (
				BA11003221D59EDE0039BFE2 /* Sources */,
				BA11003321D59EDE0039BFE2 /* Frameworks */,
				BA11003421D59EDE0039BFE2 /* Resources */,
			);
			buildRules = (
			);
			dependencies = (
			);
			name = "coder-swag2";
			productName = "coder-swag2";
			productReference = BA11003621D59EDE0039BFE2 /* coder-swag2.app */;
			productType = "com.apple.product-type.application";
		};
/* End PBXNativeTarget section */

/* Begin PBXProject section */
		BA11002E21D59EDE0039BFE2 /* Project object */ = {
			isa = PBXProject;
			attributes = {
				LastSwiftUpdateCheck = 1010;
				LastUpgradeCheck = 1010;
				ORGANIZATIONNAME = " admin";
				TargetAttributes = {
					BA11003521D59EDE0039BFE2 = {
						CreatedOnToolsVersion = 10.1;
					};
				};
			};
			buildConfigurationList = BA11003121D59EDE0039BFE2 /* Build configuration list for PBXProject "coder-swag2" */;
			compatibilityVersion = "Xcode 9.3";
			developmentRegion = en;
			hasScannedForEncodings = 0;
			knownRegions = (
				en,
				Base,
			);
			mainGroup = BA11002D21D59EDE0039BFE2;
			productRefGroup = BA11003721D59EDE0039BFE2 /* Products */;
			projectDirPath = "";
			projectRoot = "";
			targets = (
				BA11003521D59EDE0039BFE2 /* coder-swag2 */,
			);
		};
/* End PBXProject section */

/* Begin PBXResourcesBuildPhase section */
		BA11003421D59EDE0039BFE2 /* Resources */ = {
			isa = PBXResourcesBuildPhase;
			buildActionMask = 2147483647;
			files = (
				BA11004421D59EE10039BFE2 /* LaunchScreen.storyboard in Resources */,
				BA11004121D59EE10039BFE2 /* Assets.xcassets in Resources */,
				BA11003F21D59EDE0039BFE2 /* Main.storyboard in Resources */,
			);
			runOnlyForDeploymentPostprocessing = 0;
		};
/* End PBXResourcesBuildPhase section */

/* Begin PBXSourcesBuildPhase section */
		BA11003221D59EDE0039BFE2 /* Sources */ = {
			isa = PBXSourcesBuildPhase;
			buildActionMask = 2147483647;
			files = (
				BA09DB4821D5D7A70079F245 /* ProductsVC.swift in Sources */,
				BA11003C21D59EDE0039BFE2 /* CategoriesVC.swift in Sources */,
				BA11003A21D59EDE0039BFE2 /* AppDelegate.swift in Sources */,
				BA09DB3D21D5A6390079F245 /* CategoryCell.swift in Sources */,
				BA09DB4421D5C8610079F245 /* ProductCell.swift in Sources */,
				BA09DB3F21D5ACEF0079F245 /* Category.swift in Sources */,
				BA09DB4221D5AE6B0079F245 /* DataService.swift in Sources */,
				BA09DB4621D5D30B0079F245 /* Product.swift in Sources */,
			);
			runOnlyForDeploymentPostprocessing = 0;
		};
/* End PBXSourcesBuildPhase section */

/* Begin PBXVariantGroup section */
		BA11003D21D59EDE0039BFE2 /* Main.storyboard */ = {
			isa = PBXVariantGroup;
			children = (
				BA11003E21D59EDE0039BFE2 /* Base */,
			);
			name = Main.storyboard;
			sourceTree = "<group>";
		};
		BA11004221D59EE10039BFE2 /* LaunchScreen.storyboard */ = {
			isa = PBXVariantGroup;
			children = (
				BA11004321D59EE10039BFE2 /* Base */,
			);
			name = LaunchScreen.storyboard;
			sourceTree = "<group>";
		};
/* End PBXVariantGroup section */

/* Begin XCBuildConfiguration section */
		BA11004621D59EE10039BFE2 /* Debug */ = {
			isa = XCBuildConfiguration;
			buildSettings = {
				ALWAYS_SEARCH_USER_PATHS = NO;
				CLANG_ANALYZER_NONNULL = YES;
				CLANG_ANALYZER_NUMBER_OBJECT_CONVERSION = YES_AGGRESSIVE;
				CLANG_CXX_LANGUAGE_STANDARD = "gnu++14";
				CLANG_CXX_LIBRARY = "libc++";
				CLANG_ENABLE_MODULES = YES;
				CLANG_ENABLE_OBJC_ARC = YES;
				CLANG_ENABLE_OBJC_WEAK = YES;
				CLANG_WARN_BLOCK_CAPTURE_AUTORELEASING = YES;
				CLANG_WARN_BOOL_CONVERSION = YES;
				CLANG_WARN_COMMA = YES;
				CLANG_WARN_CONSTANT_CONVERSION = YES;
				CLANG_WARN_DEPRECATED_OBJC_IMPLEMENTATIONS = YES;
				CLANG_WARN_DIRECT_OBJC_ISA_USAGE = YES_ERROR;
				CLANG_WARN_DOCUMENTATION_COMMENTS = YES;
				CLANG_WARN_EMPTY_BODY = YES;
				CLANG_WARN_ENUM_CONVERSION = YES;
				CLANG_WARN_INFINITE_RECURSION = YES;
				CLANG_WARN_INT_CONVERSION = YES;
				CLANG_WARN_NON_LITERAL_NULL_CONVERSION = YES;
				CLANG_WARN_OBJC_IMPLICIT_RETAIN_SELF = YES;
				CLANG_WARN_OBJC_LITERAL_CONVERSION = YES;
				CLANG_WARN_OBJC_ROOT_CLASS = YES_ERROR;
				CLANG_WARN_RANGE_LOOP_ANALYSIS = YES;
				CLANG_WARN_STRICT_PROTOTYPES = YES;
				CLANG_WARN_SUSPICIOUS_MOVE = YES;
				CLANG_WARN_UNGUARDED_AVAILABILITY = YES_AGGRESSIVE;
				CLANG_WARN_UNREACHABLE_CODE = YES;
				CLANG_WARN__DUPLICATE_METHOD_MATCH = YES;
				CODE_SIGN_IDENTITY = "iPhone Developer";
				COPY_PHASE_STRIP = NO;
				DEBUG_INFORMATION_FORMAT = dwarf;
				ENABLE_STRICT_OBJC_MSGSEND = YES;
				ENABLE_TESTABILITY = YES;
				GCC_C_LANGUAGE_STANDARD = gnu11;
				GCC_DYNAMIC_NO_PIC = NO;
				GCC_NO_COMMON_BLOCKS = YES;
				GCC_OPTIMIZATION_LEVEL = 0;
				GCC_PREPROCESSOR_DEFINITIONS = (
					"DEBUG=1",
					"$(inherited)",
				);
				GCC_WARN_64_TO_32_BIT_CONVERSION = YES;
				GCC_WARN_ABOUT_RETURN_TYPE = YES_ERROR;
				GCC_WARN_UNDECLARED_SELECTOR = YES;
				GCC_WARN_UNINITIALIZED_AUTOS = YES_AGGRESSIVE;
				GCC_WARN_UNUSED_FUNCTION = YES;
				GCC_WARN_UNUSED_VARIABLE = YES;
				IPHONEOS_DEPLOYMENT_TARGET = 12.1;
				MTL_ENABLE_DEBUG_INFO = INCLUDE_SOURCE;
				MTL_FAST_MATH = YES;
				ONLY_ACTIVE_ARCH = YES;
				SDKROOT = iphoneos;
				SWIFT_ACTIVE_COMPILATION_CONDITIONS = DEBUG;
				SWIFT_OPTIMIZATION_LEVEL = "-Onone";
			};
			name = Debug;
		};
		BA11004721D59EE10039BFE2 /* Release */ = {
			isa = XCBuildConfiguration;
			buildSettings = {
				ALWAYS_SEARCH_USER_PATHS = NO;
				CLANG_ANALYZER_NONNULL = YES;
				CLANG_ANALYZER_NUMBER_OBJECT_CONVERSION = YES_AGGRESSIVE;
				CLANG_CXX_LANGUAGE_STANDARD = "gnu++14";
				CLANG_CXX_LIBRARY = "libc++";
				CLANG_ENABLE_MODULES = YES;
				CLANG_ENABLE_OBJC_ARC = YES;
				CLANG_ENABLE_OBJC_WEAK = YES;
				CLANG_WARN_BLOCK_CAPTURE_AUTORELEASING = YES;
				CLANG_WARN_BOOL_CONVERSION = YES;
				CLANG_WARN_COMMA = YES;
				CLANG_WARN_CONSTANT_CONVERSION = YES;
				CLANG_WARN_DEPRECATED_OBJC_IMPLEMENTATIONS = YES;
				CLANG_WARN_DIRECT_OBJC_ISA_USAGE = YES_ERROR;
				CLANG_WARN_DOCUMENTATION_COMMENTS = YES;
				CLANG_WARN_EMPTY_BODY = YES;
				CLANG_WARN_ENUM_CONVERSION = YES;
				CLANG_WARN_INFINITE_RECURSION = YES;
				CLANG_WARN_INT_CONVERSION = YES;
				CLANG_WARN_NON_LITERAL_NULL_CONVERSION = YES;
				CLANG_WARN_OBJC_IMPLICIT_RETAIN_SELF = YES;
				CLANG_WARN_OBJC_LITERAL_CONVERSION = YES;
				CLANG_WARN_OBJC_ROOT_CLASS = YES_ERROR;
				CLANG_WARN_RANGE_LOOP_ANALYSIS = YES;
				CLANG_WARN_STRICT_PROTOTYPES = YES;
				CLANG_WARN_SUSPICIOUS_MOVE = YES;
				CLANG_WARN_UNGUARDED_AVAILABILITY = YES_AGGRESSIVE;
				CLANG_WARN_UNREACHABLE_CODE = YES;
				CLANG_WARN__DUPLICATE_METHOD_MATCH = YES;
				CODE_SIGN_IDENTITY = "iPhone Developer";
				COPY_PHASE_STRIP = NO;
				DEBUG_INFORMATION_FORMAT = "dwarf-with-dsym";
				ENABLE_NS_ASSERTIONS = NO;
				ENABLE_STRICT_OBJC_MSGSEND = YES;
				GCC_C_LANGUAGE_STANDARD = gnu11;
				GCC_NO_COMMON_BLOCKS = YES;
				GCC_WARN_64_TO_32_BIT_CONVERSION = YES;
				GCC_WARN_ABOUT_RETURN_TYPE = YES_ERROR;
				GCC_WARN_UNDECLARED_SELECTOR = YES;
				GCC_WARN_UNINITIALIZED_AUTOS = YES_AGGRESSIVE;
				GCC_WARN_UNUSED_FUNCTION = YES;
				GCC_WARN_UNUSED_VARIABLE = YES;
				IPHONEOS_DEPLOYMENT_TARGET = 12.1;
				MTL_ENABLE_DEBUG_INFO = NO;
				MTL_FAST_MATH = YES;
				SDKROOT = iphoneos;
				SWIFT_COMPILATION_MODE = wholemodule;
				SWIFT_OPTIMIZATION_LEVEL = "-O";
				VALIDATE_PRODUCT = YES;
			};
			name = Release;
		};
		BA11004921D59EE10039BFE2 /* Debug */ = {
			isa = XCBuildConfiguration;
			buildSettings = {
				ASSETCATALOG_COMPILER_APPICON_NAME = AppIcon;
				CODE_SIGN_STYLE = Automatic;
				INFOPLIST_FILE = "coder-swag2/Info.plist";
				LD_RUNPATH_SEARCH_PATHS = (
					"$(inherited)",
					"@executable_path/Frameworks",
				);
				PRODUCT_BUNDLE_IDENTIFIER = "com.chiragApps.coder-swag2";
				PRODUCT_NAME = "$(TARGET_NAME)";
				SWIFT_VERSION = 4.2;
				TARGETED_DEVICE_FAMILY = "1,2";
			};
			name = Debug;
		};
		BA11004A21D59EE10039BFE2 /* Release */ = {
			isa = XCBuildConfiguration;
			buildSettings = {
				ASSETCATALOG_COMPILER_APPICON_NAME = AppIcon;
				CODE_SIGN_STYLE = Automatic;
				INFOPLIST_FILE = "coder-swag2/Info.plist";
				LD_RUNPATH_SEARCH_PATHS = (
					"$(inherited)",
					"@executable_path/Frameworks",
				);
				PRODUCT_BUNDLE_IDENTIFIER = "com.chiragApps.coder-swag2";
				PRODUCT_NAME = "$(TARGET_NAME)";
				SWIFT_VERSION = 4.2;
				TARGETED_DEVICE_FAMILY = "1,2";
			};
			name = Release;
		};
/* End XCBuildConfiguration section */

/* Begin XCConfigurationList section */
		BA11003121D59EDE0039BFE2 /* Build configuration list for PBXProject "coder-swag2" */ = {
			isa = XCConfigurationList;
			buildConfigurations = (
				BA11004621D59EE10039BFE2 /* Debug */,
				BA11004721D59EE10039BFE2 /* Release */,
			);
			defaultConfigurationIsVisible = 0;
			defaultConfigurationName = Release;
		};
		BA11004821D59EE10039BFE2 /* Build configuration list for PBXNativeTarget "coder-swag2" */ = {
			isa = XCConfigurationList;
			buildConfigurations = (
				BA11004921D59EE10039BFE2 /* Debug */,
				BA11004A21D59EE10039BFE2 /* Release */,
			);
			defaultConfigurationIsVisible = 0;
			defaultConfigurationName = Release;
		};
/* End XCConfigurationList section */
	};
	rootObject = BA11002E21D59EDE0039BFE2 /* Project object */;
}
